// !$*UTF8*$!
{
	archiveVersion = 1;
	classes = {
	};
	objectVersion = 50;
	objects = {

/* Begin PBXBuildFile section */
		8E4B0DCB25A4286A0098B265 /* PayOffBridge.cpp in Sources */ = {isa = PBXBuildFile; fileRef = 8E4B0DC925A4286A0098B265 /* PayOffBridge.cpp */; };
		8E4B0DCF25A428880098B265 /* PayOff3.cpp in Sources */ = {isa = PBXBuildFile; fileRef = 8E4B0DCE25A428880098B265 /* PayOff3.cpp */; };
		8E4B0DD325A42A580098B265 /* VanillaMain3.cpp in Sources */ = {isa = PBXBuildFile; fileRef = 8E4B0DD125A42A580098B265 /* VanillaMain3.cpp */; };
		8E4B0DD725A42ACC0098B265 /* SimpleMC5.cpp in Sources */ = {isa = PBXBuildFile; fileRef = 8E4B0DD525A42ACC0098B265 /* SimpleMC5.cpp */; };
		8E4B0DE025A42B020098B265 /* Vanilla3.cpp in Sources */ = {isa = PBXBuildFile; fileRef = 8E4B0DDE25A42B020098B265 /* Vanilla3.cpp */; };
		8E4B0DE425A42C200098B265 /* Random1.cpp in Sources */ = {isa = PBXBuildFile; fileRef = 8E4B0DE225A42C200098B265 /* Random1.cpp */; };
		8E4B0DEB25A543B40098B265 /* Parameters.cpp in Sources */ = {isa = PBXBuildFile; fileRef = 8E4B0DE925A543B40098B265 /* Parameters.cpp */; };
		8E4B0DEF25A550A00098B265 /* SimpleMC6.cpp in Sources */ = {isa = PBXBuildFile; fileRef = 8E4B0DED25A550A00098B265 /* SimpleMC6.cpp */; };
		8E4B0DF325A558230098B265 /* MCStatistics.cpp in Sources */ = {isa = PBXBuildFile; fileRef = 8E4B0DF125A558230098B265 /* MCStatistics.cpp */; };
		8E4B0DF725A55A0A0098B265 /* SimpleMC7.cpp in Sources */ = {isa = PBXBuildFile; fileRef = 8E4B0DF525A55A0A0098B265 /* SimpleMC7.cpp */; };
		8E4B0DFB25A55B030098B265 /* StatsMain1.cpp in Sources */ = {isa = PBXBuildFile; fileRef = 8E4B0DF925A55B030098B265 /* StatsMain1.cpp */; };
/* End PBXBuildFile section */

/* Begin PBXCopyFilesBuildPhase section */
		8E4B0DBC25A428380098B265 /* CopyFiles */ = {
			isa = PBXCopyFilesBuildPhase;
			buildActionMask = 2147483647;
			dstPath = /usr/share/man/man1/;
			dstSubfolderSpec = 0;
			files = (
			);
			runOnlyForDeploymentPostprocessing = 1;
		};
/* End PBXCopyFilesBuildPhase section */

/* Begin PBXFileReference section */
		8E4B0DBE25A428380098B265 /* MCOption3 */ = {isa = PBXFileReference; explicitFileType = "compiled.mach-o.executable"; includeInIndex = 0; path = MCOption3; sourceTree = BUILT_PRODUCTS_DIR; };
		8E4B0DC925A4286A0098B265 /* PayOffBridge.cpp */ = {isa = PBXFileReference; lastKnownFileType = sourcecode.cpp.cpp; path = PayOffBridge.cpp; sourceTree = "<group>"; };
		8E4B0DCA25A4286A0098B265 /* PayOffBridge.hpp */ = {isa = PBXFileReference; lastKnownFileType = sourcecode.cpp.h; path = PayOffBridge.hpp; sourceTree = "<group>"; };
		8E4B0DCD25A428880098B265 /* PayOff3.hpp */ = {isa = PBXFileReference; fileEncoding = 4; lastKnownFileType = sourcecode.cpp.h; name = PayOff3.hpp; path = ../../MCoption/MCoption/PayOff3.hpp; sourceTree = "<group>"; };
		8E4B0DCE25A428880098B265 /* PayOff3.cpp */ = {isa = PBXFileReference; fileEncoding = 4; lastKnownFileType = sourcecode.cpp.cpp; name = PayOff3.cpp; path = ../../MCoption/MCoption/PayOff3.cpp; sourceTree = "<group>"; };
		8E4B0DD125A42A580098B265 /* VanillaMain3.cpp */ = {isa = PBXFileReference; lastKnownFileType = sourcecode.cpp.cpp; path = VanillaMain3.cpp; sourceTree = "<group>"; };
		8E4B0DD225A42A580098B265 /* VanillaMain3.hpp */ = {isa = PBXFileReference; lastKnownFileType = sourcecode.cpp.h; path = VanillaMain3.hpp; sourceTree = "<group>"; };
		8E4B0DD525A42ACC0098B265 /* SimpleMC5.cpp */ = {isa = PBXFileReference; fileEncoding = 4; lastKnownFileType = sourcecode.cpp.cpp; name = SimpleMC5.cpp; path = ../../MCoption/MCoption/SimpleMC5.cpp; sourceTree = "<group>"; };
		8E4B0DD625A42ACC0098B265 /* SimpleMC5.hpp */ = {isa = PBXFileReference; fileEncoding = 4; lastKnownFileType = sourcecode.cpp.h; name = SimpleMC5.hpp; path = ../../MCoption/MCoption/SimpleMC5.hpp; sourceTree = "<group>"; };
		8E4B0DDE25A42B020098B265 /* Vanilla3.cpp */ = {isa = PBXFileReference; lastKnownFileType = sourcecode.cpp.cpp; path = Vanilla3.cpp; sourceTree = "<group>"; };
		8E4B0DDF25A42B020098B265 /* Vanilla3.hpp */ = {isa = PBXFileReference; lastKnownFileType = sourcecode.cpp.h; path = Vanilla3.hpp; sourceTree = "<group>"; };
		8E4B0DE225A42C200098B265 /* Random1.cpp */ = {isa = PBXFileReference; fileEncoding = 4; lastKnownFileType = sourcecode.cpp.cpp; name = Random1.cpp; path = ../../MCoption/MCoption/Random1.cpp; sourceTree = "<group>"; };
		8E4B0DE325A42C200098B265 /* Random1.hpp */ = {isa = PBXFileReference; fileEncoding = 4; lastKnownFileType = sourcecode.cpp.h; name = Random1.hpp; path = ../../MCoption/MCoption/Random1.hpp; sourceTree = "<group>"; };
		8E4B0DE925A543B40098B265 /* Parameters.cpp */ = {isa = PBXFileReference; lastKnownFileType = sourcecode.cpp.cpp; path = Parameters.cpp; sourceTree = "<group>"; };
		8E4B0DEA25A543B40098B265 /* Parameters.hpp */ = {isa = PBXFileReference; lastKnownFileType = sourcecode.cpp.h; path = Parameters.hpp; sourceTree = "<group>"; };
		8E4B0DED25A550A00098B265 /* SimpleMC6.cpp */ = {isa = PBXFileReference; lastKnownFileType = sourcecode.cpp.cpp; path = SimpleMC6.cpp; sourceTree = "<group>"; };
		8E4B0DEE25A550A00098B265 /* SimpleMC6.hpp */ = {isa = PBXFileReference; lastKnownFileType = sourcecode.cpp.h; path = SimpleMC6.hpp; sourceTree = "<group>"; };
		8E4B0DF125A558230098B265 /* MCStatistics.cpp */ = {isa = PBXFileReference; lastKnownFileType = sourcecode.cpp.cpp; path = MCStatistics.cpp; sourceTree = "<group>"; };
		8E4B0DF225A558230098B265 /* MCStatistics.hpp */ = {isa = PBXFileReference; lastKnownFileType = sourcecode.cpp.h; path = MCStatistics.hpp; sourceTree = "<group>"; };
		8E4B0DF525A55A0A0098B265 /* SimpleMC7.cpp */ = {isa = PBXFileReference; lastKnownFileType = sourcecode.cpp.cpp; path = SimpleMC7.cpp; sourceTree = "<group>"; };
		8E4B0DF625A55A0A0098B265 /* SimpleMC7.hpp */ = {isa = PBXFileReference; lastKnownFileType = sourcecode.cpp.h; path = SimpleMC7.hpp; sourceTree = "<group>"; };
		8E4B0DF925A55B030098B265 /* StatsMain1.cpp */ = {isa = PBXFileReference; lastKnownFileType = sourcecode.cpp.cpp; path = StatsMain1.cpp; sourceTree = "<group>"; };
/* End PBXFileReference section */

/* Begin PBXFrameworksBuildPhase section */
		8E4B0DBB25A428380098B265 /* Frameworks */ = {
			isa = PBXFrameworksBuildPhase;
			buildActionMask = 2147483647;
			files = (
			);
			runOnlyForDeploymentPostprocessing = 0;
		};
/* End PBXFrameworksBuildPhase section */

/* Begin PBXGroup section */
		8E4B0DB525A428380098B265 = {
			isa = PBXGroup;
			children = (
				8E4B0DC025A428380098B265 /* MCOption3 */,
				8E4B0DBF25A428380098B265 /* Products */,
			);
			sourceTree = "<group>";
		};
		8E4B0DBF25A428380098B265 /* Products */ = {
			isa = PBXGroup;
			children = (
				8E4B0DBE25A428380098B265 /* MCOption3 */,
			);
			name = Products;
			sourceTree = "<group>";
		};
		8E4B0DC025A428380098B265 /* MCOption3 */ = {
			isa = PBXGroup;
			children = (
				8E4B0DE225A42C200098B265 /* Random1.cpp */,
				8E4B0DE325A42C200098B265 /* Random1.hpp */,
				8E4B0DCE25A428880098B265 /* PayOff3.cpp */,
				8E4B0DCD25A428880098B265 /* PayOff3.hpp */,
				8E4B0DC925A4286A0098B265 /* PayOffBridge.cpp */,
				8E4B0DCA25A4286A0098B265 /* PayOffBridge.hpp */,
				8E4B0DD125A42A580098B265 /* VanillaMain3.cpp */,
				8E4B0DD225A42A580098B265 /* VanillaMain3.hpp */,
				8E4B0DD525A42ACC0098B265 /* SimpleMC5.cpp */,
				8E4B0DD625A42ACC0098B265 /* SimpleMC5.hpp */,
				8E4B0DDE25A42B020098B265 /* Vanilla3.cpp */,
				8E4B0DDF25A42B020098B265 /* Vanilla3.hpp */,
				8E4B0DE925A543B40098B265 /* Parameters.cpp */,
				8E4B0DEA25A543B40098B265 /* Parameters.hpp */,
				8E4B0DED25A550A00098B265 /* SimpleMC6.cpp */,
				8E4B0DEE25A550A00098B265 /* SimpleMC6.hpp */,
				8E4B0DF125A558230098B265 /* MCStatistics.cpp */,
				8E4B0DF225A558230098B265 /* MCStatistics.hpp */,
				8E4B0DF525A55A0A0098B265 /* SimpleMC7.cpp */,
				8E4B0DF625A55A0A0098B265 /* SimpleMC7.hpp */,
				8E4B0DF925A55B030098B265 /* StatsMain1.cpp */,
			);
			path = MCOption3;
			sourceTree = "<group>";
		};
/* End PBXGroup section */

/* Begin PBXNativeTarget section */
		8E4B0DBD25A428380098B265 /* MCOption3 */ = {
			isa = PBXNativeTarget;
			buildConfigurationList = 8E4B0DC525A428380098B265 /* Build configuration list for PBXNativeTarget "MCOption3" */;
			buildPhases = (
				8E4B0DBA25A428380098B265 /* Sources */,
				8E4B0DBB25A428380098B265 /* Frameworks */,
				8E4B0DBC25A428380098B265 /* CopyFiles */,
			);
			buildRules = (
			);
			dependencies = (
			);
			name = MCOption3;
			productName = MCOption3;
			productReference = 8E4B0DBE25A428380098B265 /* MCOption3 */;
			productType = "com.apple.product-type.tool";
		};
/* End PBXNativeTarget section */

/* Begin PBXProject section */
		8E4B0DB625A428380098B265 /* Project object */ = {
			isa = PBXProject;
			attributes = {
				LastUpgradeCheck = 1220;
				TargetAttributes = {
					8E4B0DBD25A428380098B265 = {
						CreatedOnToolsVersion = 12.2;
					};
				};
			};
			buildConfigurationList = 8E4B0DB925A428380098B265 /* Build configuration list for PBXProject "MCOption3" */;
			compatibilityVersion = "Xcode 9.3";
			developmentRegion = en;
			hasScannedForEncodings = 0;
			knownRegions = (
				en,
				Base,
			);
			mainGroup = 8E4B0DB525A428380098B265;
			productRefGroup = 8E4B0DBF25A428380098B265 /* Products */;
			projectDirPath = "";
			projectRoot = "";
			targets = (
				8E4B0DBD25A428380098B265 /* MCOption3 */,
			);
		};
/* End PBXProject section */

/* Begin PBXSourcesBuildPhase section */
		8E4B0DBA25A428380098B265 /* Sources */ = {
			isa = PBXSourcesBuildPhase;
			buildActionMask = 2147483647;
			files = (
				8E4B0DD725A42ACC0098B265 /* SimpleMC5.cpp in Sources */,
				8E4B0DD325A42A580098B265 /* VanillaMain3.cpp in Sources */,
				8E4B0DE425A42C200098B265 /* Random1.cpp in Sources */,
				8E4B0DE025A42B020098B265 /* Vanilla3.cpp in Sources */,
				8E4B0DCB25A4286A0098B265 /* PayOffBridge.cpp in Sources */,
				8E4B0DEB25A543B40098B265 /* Parameters.cpp in Sources */,
				8E4B0DEF25A550A00098B265 /* SimpleMC6.cpp in Sources */,
				8E4B0DCF25A428880098B265 /* PayOff3.cpp in Sources */,
				8E4B0DF325A558230098B265 /* MCStatistics.cpp in Sources */,
				8E4B0DFB25A55B030098B265 /* StatsMain1.cpp in Sources */,
				8E4B0DF725A55A0A0098B265 /* SimpleMC7.cpp in Sources */,
			);
			runOnlyForDeploymentPostprocessing = 0;
		};
/* End PBXSourcesBuildPhase section */

/* Begin XCBuildConfiguration section */
		8E4B0DC325A428380098B265 /* Debug */ = {
			isa = XCBuildConfiguration;
			buildSettings = {
				ALWAYS_SEARCH_USER_PATHS = NO;
				CLANG_ANALYZER_NONNULL = YES;
				CLANG_ANALYZER_NUMBER_OBJECT_CONVERSION = YES_AGGRESSIVE;
				CLANG_CXX_LANGUAGE_STANDARD = "gnu++14";
				CLANG_CXX_LIBRARY = "libc++";
				CLANG_ENABLE_MODULES = YES;
				CLANG_ENABLE_OBJC_ARC = YES;
				CLANG_ENABLE_OBJC_WEAK = YES;
				CLANG_WARN_BLOCK_CAPTURE_AUTORELEASING = YES;
				CLANG_WARN_BOOL_CONVERSION = YES;
				CLANG_WARN_COMMA = YES;
				CLANG_WARN_CONSTANT_CONVERSION = YES;
				CLANG_WARN_DEPRECATED_OBJC_IMPLEMENTATIONS = YES;
				CLANG_WARN_DIRECT_OBJC_ISA_USAGE = YES_ERROR;
				CLANG_WARN_DOCUMENTATION_COMMENTS = YES;
				CLANG_WARN_EMPTY_BODY = YES;
				CLANG_WARN_ENUM_CONVERSION = YES;
				CLANG_WARN_INFINITE_RECURSION = YES;
				CLANG_WARN_INT_CONVERSION = YES;
				CLANG_WARN_NON_LITERAL_NULL_CONVERSION = YES;
				CLANG_WARN_OBJC_IMPLICIT_RETAIN_SELF = YES;
				CLANG_WARN_OBJC_LITERAL_CONVERSION = YES;
				CLANG_WARN_OBJC_ROOT_CLASS = YES_ERROR;
				CLANG_WARN_QUOTED_INCLUDE_IN_FRAMEWORK_HEADER = YES;
				CLANG_WARN_RANGE_LOOP_ANALYSIS = YES;
				CLANG_WARN_STRICT_PROTOTYPES = YES;
				CLANG_WARN_SUSPICIOUS_MOVE = YES;
				CLANG_WARN_UNGUARDED_AVAILABILITY = YES_AGGRESSIVE;
				CLANG_WARN_UNREACHABLE_CODE = YES;
				CLANG_WARN__DUPLICATE_METHOD_MATCH = YES;
				COPY_PHASE_STRIP = NO;
				DEBUG_INFORMATION_FORMAT = dwarf;
				ENABLE_STRICT_OBJC_MSGSEND = YES;
				ENABLE_TESTABILITY = YES;
				GCC_C_LANGUAGE_STANDARD = gnu11;
				GCC_DYNAMIC_NO_PIC = NO;
				GCC_NO_COMMON_BLOCKS = YES;
				GCC_OPTIMIZATION_LEVEL = 0;
				GCC_PREPROCESSOR_DEFINITIONS = (
					"DEBUG=1",
					"$(inherited)",
				);
				GCC_WARN_64_TO_32_BIT_CONVERSION = YES;
				GCC_WARN_ABOUT_RETURN_TYPE = YES_ERROR;
				GCC_WARN_UNDECLARED_SELECTOR = YES;
				GCC_WARN_UNINITIALIZED_AUTOS = YES_AGGRESSIVE;
				GCC_WARN_UNUSED_FUNCTION = YES;
				GCC_WARN_UNUSED_VARIABLE = YES;
				MACOSX_DEPLOYMENT_TARGET = 11.0;
				MTL_ENABLE_DEBUG_INFO = INCLUDE_SOURCE;
				MTL_FAST_MATH = YES;
				ONLY_ACTIVE_ARCH = YES;
				SDKROOT = macosx;
			};
			name = Debug;
		};
		8E4B0DC425A428380098B265 /* Release */ = {
			isa = XCBuildConfiguration;
			buildSettings = {
				ALWAYS_SEARCH_USER_PATHS = NO;
				CLANG_ANALYZER_NONNULL = YES;
				CLANG_ANALYZER_NUMBER_OBJECT_CONVERSION = YES_AGGRESSIVE;
				CLANG_CXX_LANGUAGE_STANDARD = "gnu++14";
				CLANG_CXX_LIBRARY = "libc++";
				CLANG_ENABLE_MODULES = YES;
				CLANG_ENABLE_OBJC_ARC = YES;
				CLANG_ENABLE_OBJC_WEAK = YES;
				CLANG_WARN_BLOCK_CAPTURE_AUTORELEASING = YES;
				CLANG_WARN_BOOL_CONVERSION = YES;
				CLANG_WARN_COMMA = YES;
				CLANG_WARN_CONSTANT_CONVERSION = YES;
				CLANG_WARN_DEPRECATED_OBJC_IMPLEMENTATIONS = YES;
				CLANG_WARN_DIRECT_OBJC_ISA_USAGE = YES_ERROR;
				CLANG_WARN_DOCUMENTATION_COMMENTS = YES;
				CLANG_WARN_EMPTY_BODY = YES;
				CLANG_WARN_ENUM_CONVERSION = YES;
				CLANG_WARN_INFINITE_RECURSION = YES;
				CLANG_WARN_INT_CONVERSION = YES;
				CLANG_WARN_NON_LITERAL_NULL_CONVERSION = YES;
				CLANG_WARN_OBJC_IMPLICIT_RETAIN_SELF = YES;
				CLANG_WARN_OBJC_LITERAL_CONVERSION = YES;
				CLANG_WARN_OBJC_ROOT_CLASS = YES_ERROR;
				CLANG_WARN_QUOTED_INCLUDE_IN_FRAMEWORK_HEADER = YES;
				CLANG_WARN_RANGE_LOOP_ANALYSIS = YES;
				CLANG_WARN_STRICT_PROTOTYPES = YES;
				CLANG_WARN_SUSPICIOUS_MOVE = YES;
				CLANG_WARN_UNGUARDED_AVAILABILITY = YES_AGGRESSIVE;
				CLANG_WARN_UNREACHABLE_CODE = YES;
				CLANG_WARN__DUPLICATE_METHOD_MATCH = YES;
				COPY_PHASE_STRIP = NO;
				DEBUG_INFORMATION_FORMAT = "dwarf-with-dsym";
				ENABLE_NS_ASSERTIONS = NO;
				ENABLE_STRICT_OBJC_MSGSEND = YES;
				GCC_C_LANGUAGE_STANDARD = gnu11;
				GCC_NO_COMMON_BLOCKS = YES;
				GCC_WARN_64_TO_32_BIT_CONVERSION = YES;
				GCC_WARN_ABOUT_RETURN_TYPE = YES_ERROR;
				GCC_WARN_UNDECLARED_SELECTOR = YES;
				GCC_WARN_UNINITIALIZED_AUTOS = YES_AGGRESSIVE;
				GCC_WARN_UNUSED_FUNCTION = YES;
				GCC_WARN_UNUSED_VARIABLE = YES;
				MACOSX_DEPLOYMENT_TARGET = 11.0;
				MTL_ENABLE_DEBUG_INFO = NO;
				MTL_FAST_MATH = YES;
				SDKROOT = macosx;
			};
			name = Release;
		};
		8E4B0DC625A428380098B265 /* Debug */ = {
			isa = XCBuildConfiguration;
			buildSettings = {
				CODE_SIGN_STYLE = Automatic;
				PRODUCT_NAME = "$(TARGET_NAME)";
			};
			name = Debug;
		};
		8E4B0DC725A428380098B265 /* Release */ = {
			isa = XCBuildConfiguration;
			buildSettings = {
				CODE_SIGN_STYLE = Automatic;
				PRODUCT_NAME = "$(TARGET_NAME)";
			};
			name = Release;
		};
/* End XCBuildConfiguration section */

/* Begin XCConfigurationList section */
		8E4B0DB925A428380098B265 /* Build configuration list for PBXProject "MCOption3" */ = {
			isa = XCConfigurationList;
			buildConfigurations = (
				8E4B0DC325A428380098B265 /* Debug */,
				8E4B0DC425A428380098B265 /* Release */,
			);
			defaultConfigurationIsVisible = 0;
			defaultConfigurationName = Release;
		};
		8E4B0DC525A428380098B265 /* Build configuration list for PBXNativeTarget "MCOption3" */ = {
			isa = XCConfigurationList;
			buildConfigurations = (
				8E4B0DC625A428380098B265 /* Debug */,
				8E4B0DC725A428380098B265 /* Release */,
			);
			defaultConfigurationIsVisible = 0;
			defaultConfigurationName = Release;
		};
/* End XCConfigurationList section */
	};
	rootObject = 8E4B0DB625A428380098B265 /* Project object */;
}
